
Microsoft Visual Studio Solution File, Format Version 12.00
# Visual Studio Version 17
VisualStudioVersion = 17.13.35913.81
MinimumVisualStudioVersion = 10.0.40219.1
Project("{2150E333-8FDC-42A3-9474-1A3956D46DE8}") = "src", "src", "{02EA681E-C7D8-13C7-8484-4AC65E1B71E8}"
EndProject
Project("{2150E333-8FDC-42A3-9474-1A3956D46DE8}") = "test", "test", "{6668F8C0-C93F-48F5-B01A-2A84F56A5C1A}"
EndProject
Project("{FAE04EC0-301F-11D3-BF4B-00C04F79EFBC}") = "MeraStore.Shared.Kernel.Core", "src\MeraStore.Shared.Kernel.Core\MeraStore.Shared.Kernel.Core.csproj", "{B7F0CB13-8D37-42FA-935A-271B8B1BD51B}"
EndProject
Project("{FAE04EC0-301F-11D3-BF4B-00C04F79EFBC}") = "MeraStore.Shared.Kernel.Exceptions", "src\MeraStore.Shared.Kernel.Exceptions\MeraStore.Shared.Kernel.Exceptions.csproj", "{5918DEC0-E0B4-4C17-93E7-5C67D2B86015}"
EndProject
Project("{FAE04EC0-301F-11D3-BF4B-00C04F79EFBC}") = "MeraStore.Shared.Kernel.Caching", "src\MeraStore.Shared.Kernel.Caching\MeraStore.Shared.Kernel.Caching.csproj", "{840AAB9A-3529-407B-85E3-FED8AD36C82E}"
EndProject
Project("{FAE04EC0-301F-11D3-BF4B-00C04F79EFBC}") = "MeraStore.Shared.Kernel.Persistence", "src\MeraStore.Shared.Kernel.Persistence\MeraStore.Shared.Kernel.Persistence.csproj", "{0132BE8C-2674-4152-B230-F6C39290460E}"
EndProject
Project("{2150E333-8FDC-42A3-9474-1A3956D46DE8}") = "data", "data", "{EB7D8DAD-AB72-4350-884C-496B6E15A162}"
EndProject
Project("{2150E333-8FDC-42A3-9474-1A3956D46DE8}") = "core", "core", "{AED02968-9E76-4ACD-A00B-F5A0DDB7EB41}"
EndProject
Project("{2150E333-8FDC-42A3-9474-1A3956D46DE8}") = "utilities", "utilities", "{71D91C58-D565-4648-AE94-47F17507B7E0}"
EndProject
Project("{FAE04EC0-301F-11D3-BF4B-00C04F79EFBC}") = "MeraStore.Shared.Kernel.Logging", "src\MeraStore.Shared.Kernel.Logging\MeraStore.Shared.Kernel.Logging.csproj", "{48530F93-C159-4DD8-8E5A-2D8659814F1C}"
EndProject
Project("{FAE04EC0-301F-11D3-BF4B-00C04F79EFBC}") = "MeraStore.Shared.Kernel.Context", "src\MeraStore.Shared.Kernel.Context\MeraStore.Shared.Kernel.Context.csproj", "{2B61E45C-552A-4976-946D-8C3ACE340751}"
EndProject
Project("{2150E333-8FDC-42A3-9474-1A3956D46DE8}") = "src", "src", "{E1C9B3A8-11CB-4DE0-A985-B39C6303D784}"
EndProject
Project("{2150E333-8FDC-42A3-9474-1A3956D46DE8}") = "tests", "tests", "{79C45108-654D-42A6-86B3-D98CFB85F3C8}"
EndProject
Project("{2150E333-8FDC-42A3-9474-1A3956D46DE8}") = "src", "src", "{2DEFA02F-1BAC-4C69-BA46-2F354344823B}"
EndProject
Project("{2150E333-8FDC-42A3-9474-1A3956D46DE8}") = "tests", "tests", "{E2F897F6-9207-4ECF-9B4B-A23AFA6D9676}"
EndProject
Project("{2150E333-8FDC-42A3-9474-1A3956D46DE8}") = "src", "src", "{487C5BA9-691B-4CF0-8B71-BFC310470130}"
EndProject
Project("{2150E333-8FDC-42A3-9474-1A3956D46DE8}") = "tests", "tests", "{B7C09667-E74B-40C3-9C11-9DE4997B205A}"
EndProject
Project("{FAE04EC0-301F-11D3-BF4B-00C04F79EFBC}") = "MeraStore.Services.Sample.Api", "test\MeraStore.Services.Sample.Api\MeraStore.Services.Sample.Api.csproj", "{95F6EC3F-13BE-43D3-999A-33108B129EE8}"
EndProject
Project("{FAE04EC0-301F-11D3-BF4B-00C04F79EFBC}") = "MeraStore.Shared.Kernel.Http", "src\MeraStore.Shared.Kernel.Http\MeraStore.Shared.Kernel.Http.csproj", "{CB9EAF20-CD3E-42B7-AF4E-F6A1F70B1667}"
EndProject
Project("{FAE04EC0-301F-11D3-BF4B-00C04F79EFBC}") = "MeraStore.Shared.Kernel.Exceptions.Tests", "test\MeraStore.Shared.Kernel.Exceptions.Tests\MeraStore.Shared.Kernel.Exceptions.Tests.csproj", "{2C430657-E2CB-4A6A-A15F-13FC5B42CF5B}"
EndProject
Project("{FAE04EC0-301F-11D3-BF4B-00C04F79EFBC}") = "MeraStore.Shared.Kernel.Persistence.Tests", "test\MeraStore.Shared.Kernel.Persistence.Tests\MeraStore.Shared.Kernel.Persistence.Tests.csproj", "{6EA62047-0455-4D04-A7B2-1874AD216E0C}"
EndProject
Global
	GlobalSection(SolutionConfigurationPlatforms) = preSolution
		Debug|Any CPU = Debug|Any CPU
		Release|Any CPU = Release|Any CPU
	EndGlobalSection
	GlobalSection(ProjectConfigurationPlatforms) = postSolution
		{B7F0CB13-8D37-42FA-935A-271B8B1BD51B}.Debug|Any CPU.ActiveCfg = Debug|Any CPU
		{B7F0CB13-8D37-42FA-935A-271B8B1BD51B}.Debug|Any CPU.Build.0 = Debug|Any CPU
		{B7F0CB13-8D37-42FA-935A-271B8B1BD51B}.Release|Any CPU.ActiveCfg = Release|Any CPU
		{B7F0CB13-8D37-42FA-935A-271B8B1BD51B}.Release|Any CPU.Build.0 = Release|Any CPU
		{5918DEC0-E0B4-4C17-93E7-5C67D2B86015}.Debug|Any CPU.ActiveCfg = Debug|Any CPU
		{5918DEC0-E0B4-4C17-93E7-5C67D2B86015}.Debug|Any CPU.Build.0 = Debug|Any CPU
		{5918DEC0-E0B4-4C17-93E7-5C67D2B86015}.Release|Any CPU.ActiveCfg = Release|Any CPU
		{5918DEC0-E0B4-4C17-93E7-5C67D2B86015}.Release|Any CPU.Build.0 = Release|Any CPU
		{840AAB9A-3529-407B-85E3-FED8AD36C82E}.Debug|Any CPU.ActiveCfg = Debug|Any CPU
		{840AAB9A-3529-407B-85E3-FED8AD36C82E}.Debug|Any CPU.Build.0 = Debug|Any CPU
		{840AAB9A-3529-407B-85E3-FED8AD36C82E}.Release|Any CPU.ActiveCfg = Release|Any CPU
		{840AAB9A-3529-407B-85E3-FED8AD36C82E}.Release|Any CPU.Build.0 = Release|Any CPU
		{0132BE8C-2674-4152-B230-F6C39290460E}.Debug|Any CPU.ActiveCfg = Debug|Any CPU
		{0132BE8C-2674-4152-B230-F6C39290460E}.Debug|Any CPU.Build.0 = Debug|Any CPU
		{0132BE8C-2674-4152-B230-F6C39290460E}.Release|Any CPU.ActiveCfg = Release|Any CPU
		{0132BE8C-2674-4152-B230-F6C39290460E}.Release|Any CPU.Build.0 = Release|Any CPU
		{48530F93-C159-4DD8-8E5A-2D8659814F1C}.Debug|Any CPU.ActiveCfg = Debug|Any CPU
		{48530F93-C159-4DD8-8E5A-2D8659814F1C}.Debug|Any CPU.Build.0 = Debug|Any CPU
		{48530F93-C159-4DD8-8E5A-2D8659814F1C}.Release|Any CPU.ActiveCfg = Release|Any CPU
		{48530F93-C159-4DD8-8E5A-2D8659814F1C}.Release|Any CPU.Build.0 = Release|Any CPU
		{2B61E45C-552A-4976-946D-8C3ACE340751}.Debug|Any CPU.ActiveCfg = Debug|Any CPU
		{2B61E45C-552A-4976-946D-8C3ACE340751}.Debug|Any CPU.Build.0 = Debug|Any CPU
		{2B61E45C-552A-4976-946D-8C3ACE340751}.Release|Any CPU.ActiveCfg = Release|Any CPU
		{2B61E45C-552A-4976-946D-8C3ACE340751}.Release|Any CPU.Build.0 = Release|Any CPU
		{95F6EC3F-13BE-43D3-999A-33108B129EE8}.Debug|Any CPU.ActiveCfg = Debug|Any CPU
		{95F6EC3F-13BE-43D3-999A-33108B129EE8}.Debug|Any CPU.Build.0 = Debug|Any CPU
		{95F6EC3F-13BE-43D3-999A-33108B129EE8}.Release|Any CPU.ActiveCfg = Release|Any CPU
		{95F6EC3F-13BE-43D3-999A-33108B129EE8}.Release|Any CPU.Build.0 = Release|Any CPU
		{CB9EAF20-CD3E-42B7-AF4E-F6A1F70B1667}.Debug|Any CPU.ActiveCfg = Debug|Any CPU
		{CB9EAF20-CD3E-42B7-AF4E-F6A1F70B1667}.Debug|Any CPU.Build.0 = Debug|Any CPU
		{CB9EAF20-CD3E-42B7-AF4E-F6A1F70B1667}.Release|Any CPU.ActiveCfg = Release|Any CPU
		{CB9EAF20-CD3E-42B7-AF4E-F6A1F70B1667}.Release|Any CPU.Build.0 = Release|Any CPU
		{2C430657-E2CB-4A6A-A15F-13FC5B42CF5B}.Debug|Any CPU.ActiveCfg = Debug|Any CPU
		{2C430657-E2CB-4A6A-A15F-13FC5B42CF5B}.Debug|Any CPU.Build.0 = Debug|Any CPU
		{2C430657-E2CB-4A6A-A15F-13FC5B42CF5B}.Release|Any CPU.ActiveCfg = Release|Any CPU
		{2C430657-E2CB-4A6A-A15F-13FC5B42CF5B}.Release|Any CPU.Build.0 = Release|Any CPU
		{6EA62047-0455-4D04-A7B2-1874AD216E0C}.Debug|Any CPU.ActiveCfg = Debug|Any CPU
		{6EA62047-0455-4D04-A7B2-1874AD216E0C}.Debug|Any CPU.Build.0 = Debug|Any CPU
		{6EA62047-0455-4D04-A7B2-1874AD216E0C}.Release|Any CPU.ActiveCfg = Release|Any CPU
		{6EA62047-0455-4D04-A7B2-1874AD216E0C}.Release|Any CPU.Build.0 = Release|Any CPU
	EndGlobalSection
	GlobalSection(SolutionProperties) = preSolution
		HideSolutionNode = FALSE
	EndGlobalSection
	GlobalSection(NestedProjects) = preSolution
		{B7F0CB13-8D37-42FA-935A-271B8B1BD51B} = {E1C9B3A8-11CB-4DE0-A985-B39C6303D784}
		{5918DEC0-E0B4-4C17-93E7-5C67D2B86015} = {E1C9B3A8-11CB-4DE0-A985-B39C6303D784}
		{840AAB9A-3529-407B-85E3-FED8AD36C82E} = {2DEFA02F-1BAC-4C69-BA46-2F354344823B}
		{0132BE8C-2674-4152-B230-F6C39290460E} = {2DEFA02F-1BAC-4C69-BA46-2F354344823B}
		{EB7D8DAD-AB72-4350-884C-496B6E15A162} = {02EA681E-C7D8-13C7-8484-4AC65E1B71E8}
		{AED02968-9E76-4ACD-A00B-F5A0DDB7EB41} = {02EA681E-C7D8-13C7-8484-4AC65E1B71E8}
		{71D91C58-D565-4648-AE94-47F17507B7E0} = {02EA681E-C7D8-13C7-8484-4AC65E1B71E8}
		{48530F93-C159-4DD8-8E5A-2D8659814F1C} = {487C5BA9-691B-4CF0-8B71-BFC310470130}
		{2B61E45C-552A-4976-946D-8C3ACE340751} = {E1C9B3A8-11CB-4DE0-A985-B39C6303D784}
		{E1C9B3A8-11CB-4DE0-A985-B39C6303D784} = {AED02968-9E76-4ACD-A00B-F5A0DDB7EB41}
		{79C45108-654D-42A6-86B3-D98CFB85F3C8} = {AED02968-9E76-4ACD-A00B-F5A0DDB7EB41}
		{2DEFA02F-1BAC-4C69-BA46-2F354344823B} = {EB7D8DAD-AB72-4350-884C-496B6E15A162}
		{E2F897F6-9207-4ECF-9B4B-A23AFA6D9676} = {EB7D8DAD-AB72-4350-884C-496B6E15A162}
		{487C5BA9-691B-4CF0-8B71-BFC310470130} = {71D91C58-D565-4648-AE94-47F17507B7E0}
		{B7C09667-E74B-40C3-9C11-9DE4997B205A} = {71D91C58-D565-4648-AE94-47F17507B7E0}
		{95F6EC3F-13BE-43D3-999A-33108B129EE8} = {6668F8C0-C93F-48F5-B01A-2A84F56A5C1A}
		{CB9EAF20-CD3E-42B7-AF4E-F6A1F70B1667} = {487C5BA9-691B-4CF0-8B71-BFC310470130}
		{2C430657-E2CB-4A6A-A15F-13FC5B42CF5B} = {79C45108-654D-42A6-86B3-D98CFB85F3C8}
		{6EA62047-0455-4D04-A7B2-1874AD216E0C} = {E2F897F6-9207-4ECF-9B4B-A23AFA6D9676}
	EndGlobalSection
	GlobalSection(ExtensibilityGlobals) = postSolution
		SolutionGuid = {0509730D-937F-486D-9944-2CA4ACDDE1EF}
	EndGlobalSection
EndGlobal
