
Microsoft Visual Studio Solution File, Format Version 12.00
# Visual Studio Version 17
VisualStudioVersion = 17.13.35913.81
MinimumVisualStudioVersion = 10.0.40219.1
Project("{2150E333-8FDC-42A3-9474-1A3956D46DE8}") = "src", "src", "{02EA681E-C7D8-13C7-8484-4AC65E1B71E8}"
EndProject
Project("{2150E333-8FDC-42A3-9474-1A3956D46DE8}") = "test", "test", "{6668F8C0-C93F-48F5-B01A-2A84F56A5C1A}"
EndProject
Project("{FAE04EC0-301F-11D3-BF4B-00C04F79EFBC}") = "MeraStore.Shared.Kernel.Core", "src\MeraStore.Shared.Kernel.Core\MeraStore.Shared.Kernel.Core.csproj", "{B7F0CB13-8D37-42FA-935A-271B8B1BD51B}"
EndProject
Project("{FAE04EC0-301F-11D3-BF4B-00C04F79EFBC}") = "MeraStore.Shared.Kernel.Exceptions", "src\MeraStore.Shared.Kernel.Exceptions\MeraStore.Shared.Kernel.Exceptions.csproj", "{5918DEC0-E0B4-4C17-93E7-5C67D2B86015}"
EndProject
Project("{FAE04EC0-301F-11D3-BF4B-00C04F79EFBC}") = "MeraStore.Shared.Kernel.Caching", "src\MeraStore.Shared.Kernel.Caching\MeraStore.Shared.Kernel.Caching.csproj", "{840AAB9A-3529-407B-85E3-FED8AD36C82E}"
EndProject
Project("{FAE04EC0-301F-11D3-BF4B-00C04F79EFBC}") = "MeraStore.Shared.Kernel.Persistence", "src\MeraStore.Shared.Kernel.Persistence\MeraStore.Shared.Kernel.Persistence.csproj", "{0132BE8C-2674-4152-B230-F6C39290460E}"
EndProject
Project("{FAE04EC0-301F-11D3-BF4B-00C04F79EFBC}") = "MeraStore.Shared.Kernel.Logging", "src\MeraStore.Shared.Kernel.Logging\MeraStore.Shared.Kernel.Logging.csproj", "{48530F93-C159-4DD8-8E5A-2D8659814F1C}"
EndProject
Project("{FAE04EC0-301F-11D3-BF4B-00C04F79EFBC}") = "MeraStore.Shared.Kernel.Context", "src\MeraStore.Shared.Kernel.Context\MeraStore.Shared.Kernel.Context.csproj", "{2B61E45C-552A-4976-946D-8C3ACE340751}"
EndProject
Project("{FAE04EC0-301F-11D3-BF4B-00C04F79EFBC}") = "MeraStore.Services.Sample.Api", "test\MeraStore.Services.Sample.Api\MeraStore.Services.Sample.Api.csproj", "{95F6EC3F-13BE-43D3-999A-33108B129EE8}"
EndProject
Project("{FAE04EC0-301F-11D3-BF4B-00C04F79EFBC}") = "MeraStore.Shared.Kernel.Http", "src\MeraStore.Shared.Kernel.Http\MeraStore.Shared.Kernel.Http.csproj", "{CB9EAF20-CD3E-42B7-AF4E-F6A1F70B1667}"
EndProject
Project("{FAE04EC0-301F-11D3-BF4B-00C04F79EFBC}") = "MeraStore.Shared.Kernel.Exceptions.Tests", "test\MeraStore.Shared.Kernel.Exceptions.Tests\MeraStore.Shared.Kernel.Exceptions.Tests.csproj", "{2C430657-E2CB-4A6A-A15F-13FC5B42CF5B}"
EndProject
Project("{FAE04EC0-301F-11D3-BF4B-00C04F79EFBC}") = "MeraStore.Shared.Kernel.Persistence.Tests", "test\MeraStore.Shared.Kernel.Persistence.Tests\MeraStore.Shared.Kernel.Persistence.Tests.csproj", "{6EA62047-0455-4D04-A7B2-1874AD216E0C}"
EndProject
Project("{FAE04EC0-301F-11D3-BF4B-00C04F79EFBC}") = "MeraStore.Shared.Kernel.Http.Tests", "test\MeraStore.Shared.Kernel.Http.Tests\MeraStore.Shared.Kernel.Http.Tests.csproj", "{EA7C060B-D3B5-4362-9AD1-59CFC816EBE1}"
EndProject
Project("{FAE04EC0-301F-11D3-BF4B-00C04F79EFBC}") = "MeraStore.Shared.Kernel.Logging.Tests", "test\MeraStore.Shared.Kernel.Logging.Tests\MeraStore.Shared.Kernel.Logging.Tests.csproj", "{7E4D02C1-32DC-43A7-AD64-F2732B828B99}"
EndProject
Project("{FAE04EC0-301F-11D3-BF4B-00C04F79EFBC}") = "MeraStore.Shared.Kernel.Helpers", "src\MeraStore.Shared.Kernel.Helpers\MeraStore.Shared.Kernel.Helpers.csproj", "{B01BDADC-E2C7-4601-B7A4-33CFF2D466CA}"
EndProject
Project("{FAE04EC0-301F-11D3-BF4B-00C04F79EFBC}") = "MeraStore.Shared.Kernel.WebApi", "src\MeraStore.Shared.Kernel.WebApi\MeraStore.Shared.Kernel.WebApi.csproj", "{D005F4C6-9BAB-406F-BB46-E654C11D6D2C}"
EndProject
Project("{2150E333-8FDC-42A3-9474-1A3956D46DE8}") = "Solution Items", "Solution Items", "{8EC462FD-D22E-90A8-E5CE-7E832BA40C5D}"
	ProjectSection(SolutionItems) = preProject
		.editorconfig = .editorconfig
		global.json = global.json
	EndProjectSection
EndProject
Project("{FAE04EC0-301F-11D3-BF4B-00C04F79EFBC}") = "MeraStore.Shared.Kernel.Messaging", "src\MeraStore.Shared.Kernel.Messaging\MeraStore.Shared.Kernel.Messaging.csproj", "{E79327C3-5EF3-41BE-84B8-44E2765CB3D8}"
EndProject
Project("{2150E333-8FDC-42A3-9474-1A3956D46DE8}") = "common", "common", "{893362BB-E75A-45E1-872C-E683835E81CB}"
EndProject
Project("{2150E333-8FDC-42A3-9474-1A3956D46DE8}") = "Core", "Core", "{BC6EB8A3-969B-436A-B561-396C8FAB98F2}"
EndProject
Project("{2150E333-8FDC-42A3-9474-1A3956D46DE8}") = "Web", "Web", "{7A876371-A92E-4109-9DB3-760747046D39}"
EndProject
Project("{2150E333-8FDC-42A3-9474-1A3956D46DE8}") = "Logging", "Logging", "{5EA1EDAA-F3B8-4FA3-90F0-01401FE6FEF3}"
EndProject
Global
	GlobalSection(SolutionConfigurationPlatforms) = preSolution
		Debug|Any CPU = Debug|Any CPU
		Release|Any CPU = Release|Any CPU
	EndGlobalSection
	GlobalSection(ProjectConfigurationPlatforms) = postSolution
		{B7F0CB13-8D37-42FA-935A-271B8B1BD51B}.Debug|Any CPU.ActiveCfg = Debug|Any CPU
		{B7F0CB13-8D37-42FA-935A-271B8B1BD51B}.Debug|Any CPU.Build.0 = Debug|Any CPU
		{B7F0CB13-8D37-42FA-935A-271B8B1BD51B}.Release|Any CPU.ActiveCfg = Release|Any CPU
		{B7F0CB13-8D37-42FA-935A-271B8B1BD51B}.Release|Any CPU.Build.0 = Release|Any CPU
		{5918DEC0-E0B4-4C17-93E7-5C67D2B86015}.Debug|Any CPU.ActiveCfg = Debug|Any CPU
		{5918DEC0-E0B4-4C17-93E7-5C67D2B86015}.Debug|Any CPU.Build.0 = Debug|Any CPU
		{5918DEC0-E0B4-4C17-93E7-5C67D2B86015}.Release|Any CPU.ActiveCfg = Release|Any CPU
		{5918DEC0-E0B4-4C17-93E7-5C67D2B86015}.Release|Any CPU.Build.0 = Release|Any CPU
		{840AAB9A-3529-407B-85E3-FED8AD36C82E}.Debug|Any CPU.ActiveCfg = Debug|Any CPU
		{840AAB9A-3529-407B-85E3-FED8AD36C82E}.Debug|Any CPU.Build.0 = Debug|Any CPU
		{840AAB9A-3529-407B-85E3-FED8AD36C82E}.Release|Any CPU.ActiveCfg = Release|Any CPU
		{840AAB9A-3529-407B-85E3-FED8AD36C82E}.Release|Any CPU.Build.0 = Release|Any CPU
		{0132BE8C-2674-4152-B230-F6C39290460E}.Debug|Any CPU.ActiveCfg = Debug|Any CPU
		{0132BE8C-2674-4152-B230-F6C39290460E}.Debug|Any CPU.Build.0 = Debug|Any CPU
		{0132BE8C-2674-4152-B230-F6C39290460E}.Release|Any CPU.ActiveCfg = Release|Any CPU
		{0132BE8C-2674-4152-B230-F6C39290460E}.Release|Any CPU.Build.0 = Release|Any CPU
		{48530F93-C159-4DD8-8E5A-2D8659814F1C}.Debug|Any CPU.ActiveCfg = Debug|Any CPU
		{48530F93-C159-4DD8-8E5A-2D8659814F1C}.Debug|Any CPU.Build.0 = Debug|Any CPU
		{48530F93-C159-4DD8-8E5A-2D8659814F1C}.Release|Any CPU.ActiveCfg = Release|Any CPU
		{48530F93-C159-4DD8-8E5A-2D8659814F1C}.Release|Any CPU.Build.0 = Release|Any CPU
		{2B61E45C-552A-4976-946D-8C3ACE340751}.Debug|Any CPU.ActiveCfg = Debug|Any CPU
		{2B61E45C-552A-4976-946D-8C3ACE340751}.Debug|Any CPU.Build.0 = Debug|Any CPU
		{2B61E45C-552A-4976-946D-8C3ACE340751}.Release|Any CPU.ActiveCfg = Release|Any CPU
		{2B61E45C-552A-4976-946D-8C3ACE340751}.Release|Any CPU.Build.0 = Release|Any CPU
		{95F6EC3F-13BE-43D3-999A-33108B129EE8}.Debug|Any CPU.ActiveCfg = Debug|Any CPU
		{95F6EC3F-13BE-43D3-999A-33108B129EE8}.Debug|Any CPU.Build.0 = Debug|Any CPU
		{95F6EC3F-13BE-43D3-999A-33108B129EE8}.Release|Any CPU.ActiveCfg = Release|Any CPU
		{95F6EC3F-13BE-43D3-999A-33108B129EE8}.Release|Any CPU.Build.0 = Release|Any CPU
		{CB9EAF20-CD3E-42B7-AF4E-F6A1F70B1667}.Debug|Any CPU.ActiveCfg = Debug|Any CPU
		{CB9EAF20-CD3E-42B7-AF4E-F6A1F70B1667}.Debug|Any CPU.Build.0 = Debug|Any CPU
		{CB9EAF20-CD3E-42B7-AF4E-F6A1F70B1667}.Release|Any CPU.ActiveCfg = Release|Any CPU
		{CB9EAF20-CD3E-42B7-AF4E-F6A1F70B1667}.Release|Any CPU.Build.0 = Release|Any CPU
		{2C430657-E2CB-4A6A-A15F-13FC5B42CF5B}.Debug|Any CPU.ActiveCfg = Debug|Any CPU
		{2C430657-E2CB-4A6A-A15F-13FC5B42CF5B}.Debug|Any CPU.Build.0 = Debug|Any CPU
		{2C430657-E2CB-4A6A-A15F-13FC5B42CF5B}.Release|Any CPU.ActiveCfg = Release|Any CPU
		{2C430657-E2CB-4A6A-A15F-13FC5B42CF5B}.Release|Any CPU.Build.0 = Release|Any CPU
		{6EA62047-0455-4D04-A7B2-1874AD216E0C}.Debug|Any CPU.ActiveCfg = Debug|Any CPU
		{6EA62047-0455-4D04-A7B2-1874AD216E0C}.Debug|Any CPU.Build.0 = Debug|Any CPU
		{6EA62047-0455-4D04-A7B2-1874AD216E0C}.Release|Any CPU.ActiveCfg = Release|Any CPU
		{6EA62047-0455-4D04-A7B2-1874AD216E0C}.Release|Any CPU.Build.0 = Release|Any CPU
		{EA7C060B-D3B5-4362-9AD1-59CFC816EBE1}.Debug|Any CPU.ActiveCfg = Debug|Any CPU
		{EA7C060B-D3B5-4362-9AD1-59CFC816EBE1}.Debug|Any CPU.Build.0 = Debug|Any CPU
		{EA7C060B-D3B5-4362-9AD1-59CFC816EBE1}.Release|Any CPU.ActiveCfg = Release|Any CPU
		{EA7C060B-D3B5-4362-9AD1-59CFC816EBE1}.Release|Any CPU.Build.0 = Release|Any CPU
		{7E4D02C1-32DC-43A7-AD64-F2732B828B99}.Debug|Any CPU.ActiveCfg = Debug|Any CPU
		{7E4D02C1-32DC-43A7-AD64-F2732B828B99}.Debug|Any CPU.Build.0 = Debug|Any CPU
		{7E4D02C1-32DC-43A7-AD64-F2732B828B99}.Release|Any CPU.ActiveCfg = Release|Any CPU
		{7E4D02C1-32DC-43A7-AD64-F2732B828B99}.Release|Any CPU.Build.0 = Release|Any CPU
		{B01BDADC-E2C7-4601-B7A4-33CFF2D466CA}.Debug|Any CPU.ActiveCfg = Debug|Any CPU
		{B01BDADC-E2C7-4601-B7A4-33CFF2D466CA}.Debug|Any CPU.Build.0 = Debug|Any CPU
		{B01BDADC-E2C7-4601-B7A4-33CFF2D466CA}.Release|Any CPU.ActiveCfg = Release|Any CPU
		{B01BDADC-E2C7-4601-B7A4-33CFF2D466CA}.Release|Any CPU.Build.0 = Release|Any CPU
		{D005F4C6-9BAB-406F-BB46-E654C11D6D2C}.Debug|Any CPU.ActiveCfg = Debug|Any CPU
		{D005F4C6-9BAB-406F-BB46-E654C11D6D2C}.Debug|Any CPU.Build.0 = Debug|Any CPU
		{D005F4C6-9BAB-406F-BB46-E654C11D6D2C}.Release|Any CPU.ActiveCfg = Release|Any CPU
		{D005F4C6-9BAB-406F-BB46-E654C11D6D2C}.Release|Any CPU.Build.0 = Release|Any CPU
		{E79327C3-5EF3-41BE-84B8-44E2765CB3D8}.Debug|Any CPU.ActiveCfg = Debug|Any CPU
		{E79327C3-5EF3-41BE-84B8-44E2765CB3D8}.Debug|Any CPU.Build.0 = Debug|Any CPU
		{E79327C3-5EF3-41BE-84B8-44E2765CB3D8}.Release|Any CPU.ActiveCfg = Release|Any CPU
		{E79327C3-5EF3-41BE-84B8-44E2765CB3D8}.Release|Any CPU.Build.0 = Release|Any CPU
	EndGlobalSection
	GlobalSection(SolutionProperties) = preSolution
		HideSolutionNode = FALSE
	EndGlobalSection
	GlobalSection(NestedProjects) = preSolution
		{B7F0CB13-8D37-42FA-935A-271B8B1BD51B} = {BC6EB8A3-969B-436A-B561-396C8FAB98F2}
		{5918DEC0-E0B4-4C17-93E7-5C67D2B86015} = {BC6EB8A3-969B-436A-B561-396C8FAB98F2}
		{840AAB9A-3529-407B-85E3-FED8AD36C82E} = {02EA681E-C7D8-13C7-8484-4AC65E1B71E8}
		{0132BE8C-2674-4152-B230-F6C39290460E} = {02EA681E-C7D8-13C7-8484-4AC65E1B71E8}
		{48530F93-C159-4DD8-8E5A-2D8659814F1C} = {5EA1EDAA-F3B8-4FA3-90F0-01401FE6FEF3}
		{2B61E45C-552A-4976-946D-8C3ACE340751} = {BC6EB8A3-969B-436A-B561-396C8FAB98F2}
		{95F6EC3F-13BE-43D3-999A-33108B129EE8} = {6668F8C0-C93F-48F5-B01A-2A84F56A5C1A}
		{CB9EAF20-CD3E-42B7-AF4E-F6A1F70B1667} = {7A876371-A92E-4109-9DB3-760747046D39}
		{2C430657-E2CB-4A6A-A15F-13FC5B42CF5B} = {893362BB-E75A-45E1-872C-E683835E81CB}
		{6EA62047-0455-4D04-A7B2-1874AD216E0C} = {893362BB-E75A-45E1-872C-E683835E81CB}
		{EA7C060B-D3B5-4362-9AD1-59CFC816EBE1} = {893362BB-E75A-45E1-872C-E683835E81CB}
		{7E4D02C1-32DC-43A7-AD64-F2732B828B99} = {893362BB-E75A-45E1-872C-E683835E81CB}
		{B01BDADC-E2C7-4601-B7A4-33CFF2D466CA} = {BC6EB8A3-969B-436A-B561-396C8FAB98F2}
		{D005F4C6-9BAB-406F-BB46-E654C11D6D2C} = {7A876371-A92E-4109-9DB3-760747046D39}
		{E79327C3-5EF3-41BE-84B8-44E2765CB3D8} = {02EA681E-C7D8-13C7-8484-4AC65E1B71E8}
		{893362BB-E75A-45E1-872C-E683835E81CB} = {6668F8C0-C93F-48F5-B01A-2A84F56A5C1A}
		{BC6EB8A3-969B-436A-B561-396C8FAB98F2} = {02EA681E-C7D8-13C7-8484-4AC65E1B71E8}
		{7A876371-A92E-4109-9DB3-760747046D39} = {02EA681E-C7D8-13C7-8484-4AC65E1B71E8}
		{5EA1EDAA-F3B8-4FA3-90F0-01401FE6FEF3} = {02EA681E-C7D8-13C7-8484-4AC65E1B71E8}
	EndGlobalSection
	GlobalSection(ExtensibilityGlobals) = postSolution
		SolutionGuid = {0509730D-937F-486D-9944-2CA4ACDDE1EF}
	EndGlobalSection
EndGlobal
